
Microsoft Visual Studio Solution File, Format Version 12.00
# Visual Studio Version 16
VisualStudioVersion = 16.0.29728.190
MinimumVisualStudioVersion = 10.0.40219.1
Project("{FAE04EC0-301F-11D3-BF4B-00C04F79EFBC}") = "FineEx.BusinessLayer", "..\FineEx.BusinessLayer\FineEx.BusinessLayer\FineEx.BusinessLayer.csproj", "{D8396CED-C349-43F1-B0F9-E4F5C97C20EC}"
EndProject
Project("{FAE04EC0-301F-11D3-BF4B-00C04F79EFBC}") = "FineEx.DataLayer", "..\FineEx.DateLayer\FineEx.DataLayer\FineEx.DataLayer.csproj", "{A7A05EB6-1AB1-49F9-9A88-8BD7D6163E86}"
EndProject
Project("{FAE04EC0-301F-11D3-BF4B-00C04F79EFBC}") = "FineEx.Web", "..\..\FineEx.Web\FineEx.Web\FineEx.Web.csproj", "{37A52EEF-0856-4E0B-A282-760AD5219A6E}"
EndProject
Global
	GlobalSection(SolutionConfigurationPlatforms) = preSolution
		Debug|Any CPU = Debug|Any CPU
		Release|Any CPU = Release|Any CPU
	EndGlobalSection
	GlobalSection(ProjectConfigurationPlatforms) = postSolution
		{D8396CED-C349-43F1-B0F9-E4F5C97C20EC}.Debug|Any CPU.ActiveCfg = Debug|Any CPU
		{D8396CED-C349-43F1-B0F9-E4F5C97C20EC}.Debug|Any CPU.Build.0 = Debug|Any CPU
		{D8396CED-C349-43F1-B0F9-E4F5C97C20EC}.Release|Any CPU.ActiveCfg = Release|Any CPU
		{D8396CED-C349-43F1-B0F9-E4F5C97C20EC}.Release|Any CPU.Build.0 = Release|Any CPU
		{A7A05EB6-1AB1-49F9-9A88-8BD7D6163E86}.Debug|Any CPU.ActiveCfg = Debug|Any CPU
		{A7A05EB6-1AB1-49F9-9A88-8BD7D6163E86}.Debug|Any CPU.Build.0 = Debug|Any CPU
		{A7A05EB6-1AB1-49F9-9A88-8BD7D6163E86}.Release|Any CPU.ActiveCfg = Release|Any CPU
		{A7A05EB6-1AB1-49F9-9A88-8BD7D6163E86}.Release|Any CPU.Build.0 = Release|Any CPU
		{37A52EEF-0856-4E0B-A282-760AD5219A6E}.Debug|Any CPU.ActiveCfg = Debug|Any CPU
		{37A52EEF-0856-4E0B-A282-760AD5219A6E}.Debug|Any CPU.Build.0 = Debug|Any CPU
		{37A52EEF-0856-4E0B-A282-760AD5219A6E}.Release|Any CPU.ActiveCfg = Release|Any CPU
		{37A52EEF-0856-4E0B-A282-760AD5219A6E}.Release|Any CPU.Build.0 = Release|Any CPU
	EndGlobalSection
	GlobalSection(SolutionProperties) = preSolution
		HideSolutionNode = FALSE
	EndGlobalSection
	GlobalSection(ExtensibilityGlobals) = postSolution
		SolutionGuid = {7F61B313-F0B2-45A6-BE39-E99578901867}
	EndGlobalSection
EndGlobal
